<?xml version="1.0" encoding="utf-8"?>
<Project ToolsVersion="4.0" xmlns="http://schemas.microsoft.com/developer/msbuild/2003">
  <ItemGroup>
    <ClCompile Include="stdafx.cpp" />
    <ClCompile Include="external\App\app.cpp">
      <Filter>API</Filter>
    </ClCompile>
    <ClCompile Include="external\App\main.cpp">
      <Filter>API</Filter>
    </ClCompile>
    <ClCompile Include="external\App\SimpleController.cpp">
      <Filter>API</Filter>
    </ClCompile>
    <ClCompile Include="external\App\SimpleSound.cpp">
      <Filter>API</Filter>
    </ClCompile>
    <ClCompile Include="external\App\SimpleSprite.cpp">
      <Filter>API</Filter>
    </ClCompile>
    <ClCompile Include="external\stb_image\stb_image.cpp">
      <Filter>API\third_party\stb_image</Filter>
    </ClCompile>
    <ClCompile Include="external\miniaudio\miniaudio.cpp">
      <Filter>API\third_party\miniaudio</Filter>
    </ClCompile>
    <ClCompile Include="source\RuanGame.cpp" />
    <ClCompile Include="source\engine\Engine.cpp" />
    <ClCompile Include="source\engine\graphics\SRenderer.cpp" />
    <ClCompile Include="source\engine\graphics\Primitives.cpp" />
    <ClCompile Include="source\game\SCamera.cpp" />
    <ClCompile Include="source\game\Game.cpp" />
    <ClCompile Include="source\game\scenes\MainScene.cpp" />
    <ClCompile Include="source\engine\ecs\Entity.cpp" />
    <ClCompile Include="source\engine\ecs\SEntityManager.cpp" />
    <ClCompile Include="source\engine\ecs\EntityPool.cpp" />
  </ItemGroup>
  <ItemGroup>
    <ClInclude Include="stdafx.h" />
    <ClInclude Include="external\App\app.h">
      <Filter>API</Filter>
    </ClInclude>
    <ClInclude Include="external\App\AppSettings.h">
      <Filter>API</Filter>
    </ClInclude>
    <ClInclude Include="external\App\main.h">
      <Filter>API</Filter>
    </ClInclude>
    <ClInclude Include="external\App\SimpleController.h">
      <Filter>API</Filter>
    </ClInclude>
    <ClInclude Include="external\App\SimpleSound.h">
      <Filter>API</Filter>
    </ClInclude>
    <ClInclude Include="external\App\SimpleSprite.h">
      <Filter>API</Filter>
    </ClInclude>
    <ClInclude Include="targetver.h">
      <Filter>API</Filter>
    </ClInclude>
    <ClInclude Include="external\stb_image\stb_image.h">
      <Filter>API\third_party\stb_image</Filter>
    </ClInclude>
    <ClInclude Include="external\miniaudio\miniaudio.h">
      <Filter>API\third_party\miniaudio</Filter>
    </ClInclude>
    <ClInclude Include="source\engine\Engine.h" />
    <ClInclude Include="source\engine\graphics\SRenderer.h" />
    <ClInclude Include="source\engine\graphics\Primitives.h" />
    <ClInclude Include="source\math\Matrix4x4.h" />
    <ClInclude Include="source\math\Vector3.h" />
    <ClInclude Include="source\game\SCamera.h" />
    <ClInclude Include="source\game\scenes\Scene.h" />
    <ClInclude Include="source\game\Game.h" />
    <ClInclude Include="source\core\System.h" />
    <ClInclude Include="source\game\GameIncludes.h" />
    <ClInclude Include="source\math\Intersection.h" />
    <ClInclude Include="source\game\scenes\MainScene.h" />
    <ClInclude Include="source\game\scenes\SceneInclude.h" />
    <ClInclude Include="source\game\components\CTransform.h" />
    <ClInclude Include="source\game\components\CMesh.h" />
    <ClInclude Include="source\core\FreeContainer.h" />
    <ClInclude Include="source\engine\ecs\ECSConstants.h" />
    <ClInclude Include="source\engine\ecs\Entity.h" />
    <ClInclude Include="source\engine\ecs\SEntityManager.h" />
    <ClInclude Include="source\engine\ecs\ComponentPool.h" />
    <ClInclude Include="source\engine\ecs\Component.h" />
    <ClInclude Include="source\game\components\ComponentIncludes.h" />
    <ClInclude Include="source\engine\ecs\EntityPool.h" />
    <ClInclude Include="source\engine\graphics\ModelManager.h" />
  </ItemGroup>
  <ItemGroup>
    <Filter Include="API">
      <UniqueIdentifier>{f318918d-bb9f-4402-ae1c-4f72186d16f6}</UniqueIdentifier>
    </Filter>
    <Filter Include="API\third_party">
      <UniqueIdentifier>{27bd8d9d-bd08-4004-9045-4e86e26c901f}</UniqueIdentifier>
    </Filter>
    <Filter Include="API\third_party\miniaudio">
      <UniqueIdentifier>{957ea575-fd4f-4ede-b4f9-66b4022639a5}</UniqueIdentifier>
    </Filter>
    <Filter Include="API\third_party\stb_image">
      <UniqueIdentifier>{61cfc19b-c57e-4021-b530-bac172fcba86}</UniqueIdentifier>
    </Filter>
  </ItemGroup>
  <ItemGroup>
    <Text Include="ReadMe.txt">
      <Filter>API</Filter>
    </Text>
  </ItemGroup>
</Project>